{
    "_readme": [
        "This file locks the dependencies of your project to a known state",
        "Read more about it at https://getcomposer.org/doc/01-basic-usage.md#installing-dependencies",
        "This file is @generated automatically"
    ],
    "content-hash": "b839a41f149531150af6d8ab9aa5c6d5",
    "packages": [
        {
            "name": "boeki/universal-connector",
            "version": "dev-master",
            "source": {
                "type": "git",
                "url": "https://github.com/JamesStandbridge/UniversalConnector.git",
                "reference": "e5eb8435b66ac95aef8a318995a2d4827a680a18"
            },
            "dist": {
                "type": "zip",
                "url": "https://api.github.com/repos/JamesStandbridge/UniversalConnector/zipball/e5eb8435b66ac95aef8a318995a2d4827a680a18",
                "reference": "e5eb8435b66ac95aef8a318995a2d4827a680a18",
                "shasum": ""
            },
            "require": {
                "php": ">=5.3.0"
            },
            "default-branch": true,
            "type": "library",
            "autoload": {
                "psr-4": {
                    "UniversalConnector\\": "src/"
                }
            },
            "notification-url": "https://packagist.org/downloads/",
            "authors": [
                {
                    "name": "jamesstandbridge",
                    "email": "james.standbridge.git@gmail.com"
                }
            ],
            "support": {
                "issues": "https://github.com/JamesStandbridge/UniversalConnector/issues",
                "source": "https://github.com/JamesStandbridge/UniversalConnector/tree/master"
            },
            "time": "2021-04-06T08:44:18+00:00"
        }
    ],
    "packages-dev": [],
    "aliases": [],
    "minimum-stability": "dev",
    "stability-flags": {
        "boeki/universal-connector": 20
    },
    "prefer-stable": false,
    "prefer-lowest": false,
    "platform": {
        "php": ">=5.3.0"
    },
    "platform-dev": [],
    "plugin-api-version": "2.0.0"
}
